
Microsoft Visual Studio Solution File, Format Version 12.00
# Visual Studio Version 17
VisualStudioVersion = 17.0.32126.317
MinimumVisualStudioVersion = 10.0.40219.1
Project("{FAE04EC0-301F-11D3-BF4B-00C04F79EFBC}") = "StudentAdminPortal.API", "StudentAdminPortal.API\StudentAdminPortal.API.csproj", "{1B59B17A-A761-4375-A2B1-C5408E557353}"
EndProject
Global
	GlobalSection(SolutionConfigurationPlatforms) = preSolution
		Debug|Any CPU = Debug|Any CPU
		Release|Any CPU = Release|Any CPU
	EndGlobalSection
	GlobalSection(ProjectConfigurationPlatforms) = postSolution
		{1B59B17A-A761-4375-A2B1-C5408E557353}.Debug|Any CPU.ActiveCfg = Debug|Any CPU
		{1B59B17A-A761-4375-A2B1-C5408E557353}.Debug|Any CPU.Build.0 = Debug|Any CPU
		{1B59B17A-A761-4375-A2B1-C5408E557353}.Release|Any CPU.ActiveCfg = Release|Any CPU
		{1B59B17A-A761-4375-A2B1-C5408E557353}.Release|Any CPU.Build.0 = Release|Any CPU
	EndGlobalSection
	GlobalSection(SolutionProperties) = preSolution
		HideSolutionNode = FALSE
	EndGlobalSection
	GlobalSection(ExtensibilityGlobals) = postSolution
		SolutionGuid = {092D0D3E-9655-4246-A2AF-7C4856F14C25}
	EndGlobalSection
EndGlobal
